
Microsoft Visual Studio Solution File, Format Version 12.00
# Visual Studio Version 16
VisualStudioVersion = 16.0.30011.22
MinimumVisualStudioVersion = 10.0.40219.1
Project("{8BC9CEB8-8B4A-11D0-8D11-00A0C91BC942}") = "1.HelloSocket", "1.HelloSocket\1.HelloSocket.vcxproj", "{146922BA-C77B-48E9-8918-D1DD3561AB8F}"
EndProject
Project("{8BC9CEB8-8B4A-11D0-8D11-00A0C91BC942}") = "2.EasyTcpSocketServer", "2.EasyTcpSocketServer\2.EasyTcpSocketServer.vcxproj", "{23EA48B8-C786-47CE-945E-36F63039C525}"
EndProject
Project("{8BC9CEB8-8B4A-11D0-8D11-00A0C91BC942}") = "2.EasyTcpClient", "2.EasyTcpClient\2.EasyTcpClient.vcxproj", "{18311580-AC62-4389-B440-714FDF1A8FE4}"
EndProject
Project("{8BC9CEB8-8B4A-11D0-8D11-00A0C91BC942}") = "3.EasyTcpClient", "3.EasyTcpClient\3.EasyTcpClient.vcxproj", "{08AD4103-8358-4658-82E7-B2D276136137}"
EndProject
Project("{8BC9CEB8-8B4A-11D0-8D11-00A0C91BC942}") = "3.EasyTcpServer", "3.EasyTcpServer\3.EasyTcpServer.vcxproj", "{D669CF8F-4D1B-4CFC-8636-269D4765FCC6}"
EndProject
Project("{8BC9CEB8-8B4A-11D0-8D11-00A0C91BC942}") = "4.HelloThread", "4.HelloThread\4.HelloThread.vcxproj", "{41D31333-CBA8-4383-B7AC-74D662989852}"
EndProject
Project("{8BC9CEB8-8B4A-11D0-8D11-00A0C91BC942}") = "5.ThreadEasyTcpClient", "5.ThreadEasyTcpClient\5.ThreadEasyTcpClient.vcxproj", "{A4F3B669-439C-4518-9E8A-63047646D021}"
EndProject
Project("{8BC9CEB8-8B4A-11D0-8D11-00A0C91BC942}") = "5.ThreadEasyTcpServer", "5.ThreadEasyTcpServer\5.ThreadEasyTcpServer.vcxproj", "{6B031731-D906-4951-B4E4-F2985563ECA1}"
EndProject
Project("{8BC9CEB8-8B4A-11D0-8D11-00A0C91BC942}") = "6.HelloMemory", "6.HelloMemory\6.HelloMemory.vcxproj", "{14ECAE52-F264-46A6-A0EB-FF726108D508}"
EndProject
Project("{8BC9CEB8-8B4A-11D0-8D11-00A0C91BC942}") = "7.EasyTcpServerMemoyPool", "7.EasyTcpServerMemoyPool\7.EasyTcpServerMemoyPool.vcxproj", "{50449AEC-8E54-4104-8A24-60BFFF162058}"
EndProject
Project("{8BC9CEB8-8B4A-11D0-8D11-00A0C91BC942}") = "8.shared_ptr", "8.shared_ptr\8.shared_ptr.vcxproj", "{2F5AEE37-B7F1-43F2-8285-F81B3431EC1A}"
EndProject
Project("{8BC9CEB8-8B4A-11D0-8D11-00A0C91BC942}") = "9.SharedPtrThreadEasyTcpServer", "9.SharedPtrThreadEasyTcpServer\9.SharedPtrThreadEasyTcpServer.vcxproj", "{34511499-AE9B-4132-94A6-B4B9E038D629}"
EndProject
Project("{8BC9CEB8-8B4A-11D0-8D11-00A0C91BC942}") = "10.ObjPool", "10.ObjPool\10.ObjPool.vcxproj", "{C36B97C8-F2F4-4A7F-A33B-BB45B0738F94}"
EndProject
Project("{8BC9CEB8-8B4A-11D0-8D11-00A0C91BC942}") = "0.test", "0.test\0.test.vcxproj", "{08B28AE9-3699-4BFA-B129-DC5072F466DE}"
EndProject
Project("{8BC9CEB8-8B4A-11D0-8D11-00A0C91BC942}") = "11.function_lamda", "11.function_lamda\11.function_lamda.vcxproj", "{7CD3279D-3FEB-440C-B0FF-CD3A73D6FFEC}"
EndProject
Project("{8BC9CEB8-8B4A-11D0-8D11-00A0C91BC942}") = "12.LamdaThreadEasyTcpServer", "12.LamdaThreadEasyTcpServer\12.LamdaThreadEasyTcpServer.vcxproj", "{C47DC177-D6E3-4C29-9ECB-4E74D668ED83}"
EndProject
Project("{8BC9CEB8-8B4A-11D0-8D11-00A0C91BC942}") = "13.HeartBeatEasyTcpServer", "13.HeartBeatEasyTcpServer\13.HeartBeatEasyTcpServer.vcxproj", "{9F3B2373-7829-4AA7-A3F4-EED98B5CEDA5}"
EndProject
Project("{8BC9CEB8-8B4A-11D0-8D11-00A0C91BC942}") = "14.TimerSendEasyTcpServer", "14.TimerSendEasyTcpServer\14.TimerSendEasyTcpServer.vcxproj", "{B8DEEB14-0E05-4DFA-80C1-D4D39305FDF4}"
EndProject
Project("{8BC9CEB8-8B4A-11D0-8D11-00A0C91BC942}") = "15.CellThreadEasyTcpServer", "15.CellThreadEasyTcpServer\15.CellThreadEasyTcpServer.vcxproj", "{7FEAA3CC-4A59-4BBA-8A0C-DD37F1482BA0}"
EndProject
Project("{8BC9CEB8-8B4A-11D0-8D11-00A0C91BC942}") = "14.TimerSendEasyTcpClient", "14.TimerSendEasyTcpClient\14.TimerSendEasyTcpClient.vcxproj", "{24894E4E-76A6-42F6-8D14-C2D2D5048C10}"
EndProject
Project("{8BC9CEB8-8B4A-11D0-8D11-00A0C91BC942}") = "16.EasyTcpClient", "16.EasyTcpClient\16.EasyTcpClient.vcxproj", "{44C5A9E6-24CE-4CAB-BF57-04722612E0FB}"
EndProject
Project("{8BC9CEB8-8B4A-11D0-8D11-00A0C91BC942}") = "16.SelectSendServer", "16.SelectSendServer\16.SelectSendServer.vcxproj", "{11435979-D684-49DD-9C11-EA624496F4CA}"
EndProject
Project("{8BC9CEB8-8B4A-11D0-8D11-00A0C91BC942}") = "17.CellBufferServer", "17.CellBufferServer\17.CellBufferServer.vcxproj", "{559A93C4-3F14-49FC-9A1A-3A14D8180210}"
EndProject
Global
	GlobalSection(SolutionConfigurationPlatforms) = preSolution
		Debug|x64 = Debug|x64
		Debug|x86 = Debug|x86
		Release|x64 = Release|x64
		Release|x86 = Release|x86
	EndGlobalSection
	GlobalSection(ProjectConfigurationPlatforms) = postSolution
		{146922BA-C77B-48E9-8918-D1DD3561AB8F}.Debug|x64.ActiveCfg = Debug|x64
		{146922BA-C77B-48E9-8918-D1DD3561AB8F}.Debug|x64.Build.0 = Debug|x64
		{146922BA-C77B-48E9-8918-D1DD3561AB8F}.Debug|x86.ActiveCfg = Debug|Win32
		{146922BA-C77B-48E9-8918-D1DD3561AB8F}.Debug|x86.Build.0 = Debug|Win32
		{146922BA-C77B-48E9-8918-D1DD3561AB8F}.Release|x64.ActiveCfg = Release|x64
		{146922BA-C77B-48E9-8918-D1DD3561AB8F}.Release|x64.Build.0 = Release|x64
		{146922BA-C77B-48E9-8918-D1DD3561AB8F}.Release|x86.ActiveCfg = Release|Win32
		{146922BA-C77B-48E9-8918-D1DD3561AB8F}.Release|x86.Build.0 = Release|Win32
		{23EA48B8-C786-47CE-945E-36F63039C525}.Debug|x64.ActiveCfg = Debug|x64
		{23EA48B8-C786-47CE-945E-36F63039C525}.Debug|x64.Build.0 = Debug|x64
		{23EA48B8-C786-47CE-945E-36F63039C525}.Debug|x86.ActiveCfg = Debug|Win32
		{23EA48B8-C786-47CE-945E-36F63039C525}.Debug|x86.Build.0 = Debug|Win32
		{23EA48B8-C786-47CE-945E-36F63039C525}.Release|x64.ActiveCfg = Release|x64
		{23EA48B8-C786-47CE-945E-36F63039C525}.Release|x64.Build.0 = Release|x64
		{23EA48B8-C786-47CE-945E-36F63039C525}.Release|x86.ActiveCfg = Release|Win32
		{23EA48B8-C786-47CE-945E-36F63039C525}.Release|x86.Build.0 = Release|Win32
		{18311580-AC62-4389-B440-714FDF1A8FE4}.Debug|x64.ActiveCfg = Debug|x64
		{18311580-AC62-4389-B440-714FDF1A8FE4}.Debug|x64.Build.0 = Debug|x64
		{18311580-AC62-4389-B440-714FDF1A8FE4}.Debug|x86.ActiveCfg = Debug|Win32
		{18311580-AC62-4389-B440-714FDF1A8FE4}.Debug|x86.Build.0 = Debug|Win32
		{18311580-AC62-4389-B440-714FDF1A8FE4}.Release|x64.ActiveCfg = Release|x64
		{18311580-AC62-4389-B440-714FDF1A8FE4}.Release|x64.Build.0 = Release|x64
		{18311580-AC62-4389-B440-714FDF1A8FE4}.Release|x86.ActiveCfg = Release|Win32
		{18311580-AC62-4389-B440-714FDF1A8FE4}.Release|x86.Build.0 = Release|Win32
		{08AD4103-8358-4658-82E7-B2D276136137}.Debug|x64.ActiveCfg = Debug|x64
		{08AD4103-8358-4658-82E7-B2D276136137}.Debug|x64.Build.0 = Debug|x64
		{08AD4103-8358-4658-82E7-B2D276136137}.Debug|x86.ActiveCfg = Debug|Win32
		{08AD4103-8358-4658-82E7-B2D276136137}.Debug|x86.Build.0 = Debug|Win32
		{08AD4103-8358-4658-82E7-B2D276136137}.Release|x64.ActiveCfg = Release|x64
		{08AD4103-8358-4658-82E7-B2D276136137}.Release|x64.Build.0 = Release|x64
		{08AD4103-8358-4658-82E7-B2D276136137}.Release|x86.ActiveCfg = Release|Win32
		{08AD4103-8358-4658-82E7-B2D276136137}.Release|x86.Build.0 = Release|Win32
		{D669CF8F-4D1B-4CFC-8636-269D4765FCC6}.Debug|x64.ActiveCfg = Debug|x64
		{D669CF8F-4D1B-4CFC-8636-269D4765FCC6}.Debug|x64.Build.0 = Debug|x64
		{D669CF8F-4D1B-4CFC-8636-269D4765FCC6}.Debug|x86.ActiveCfg = Debug|Win32
		{D669CF8F-4D1B-4CFC-8636-269D4765FCC6}.Debug|x86.Build.0 = Debug|Win32
		{D669CF8F-4D1B-4CFC-8636-269D4765FCC6}.Release|x64.ActiveCfg = Release|x64
		{D669CF8F-4D1B-4CFC-8636-269D4765FCC6}.Release|x64.Build.0 = Release|x64
		{D669CF8F-4D1B-4CFC-8636-269D4765FCC6}.Release|x86.ActiveCfg = Release|Win32
		{D669CF8F-4D1B-4CFC-8636-269D4765FCC6}.Release|x86.Build.0 = Release|Win32
		{41D31333-CBA8-4383-B7AC-74D662989852}.Debug|x64.ActiveCfg = Debug|x64
		{41D31333-CBA8-4383-B7AC-74D662989852}.Debug|x64.Build.0 = Debug|x64
		{41D31333-CBA8-4383-B7AC-74D662989852}.Debug|x86.ActiveCfg = Debug|Win32
		{41D31333-CBA8-4383-B7AC-74D662989852}.Debug|x86.Build.0 = Debug|Win32
		{41D31333-CBA8-4383-B7AC-74D662989852}.Release|x64.ActiveCfg = Release|x64
		{41D31333-CBA8-4383-B7AC-74D662989852}.Release|x64.Build.0 = Release|x64
		{41D31333-CBA8-4383-B7AC-74D662989852}.Release|x86.ActiveCfg = Release|Win32
		{41D31333-CBA8-4383-B7AC-74D662989852}.Release|x86.Build.0 = Release|Win32
		{A4F3B669-439C-4518-9E8A-63047646D021}.Debug|x64.ActiveCfg = Debug|x64
		{A4F3B669-439C-4518-9E8A-63047646D021}.Debug|x64.Build.0 = Debug|x64
		{A4F3B669-439C-4518-9E8A-63047646D021}.Debug|x86.ActiveCfg = Debug|Win32
		{A4F3B669-439C-4518-9E8A-63047646D021}.Debug|x86.Build.0 = Debug|Win32
		{A4F3B669-439C-4518-9E8A-63047646D021}.Release|x64.ActiveCfg = Release|x64
		{A4F3B669-439C-4518-9E8A-63047646D021}.Release|x64.Build.0 = Release|x64
		{A4F3B669-439C-4518-9E8A-63047646D021}.Release|x86.ActiveCfg = Release|Win32
		{A4F3B669-439C-4518-9E8A-63047646D021}.Release|x86.Build.0 = Release|Win32
		{6B031731-D906-4951-B4E4-F2985563ECA1}.Debug|x64.ActiveCfg = Debug|x64
		{6B031731-D906-4951-B4E4-F2985563ECA1}.Debug|x64.Build.0 = Debug|x64
		{6B031731-D906-4951-B4E4-F2985563ECA1}.Debug|x86.ActiveCfg = Debug|Win32
		{6B031731-D906-4951-B4E4-F2985563ECA1}.Debug|x86.Build.0 = Debug|Win32
		{6B031731-D906-4951-B4E4-F2985563ECA1}.Release|x64.ActiveCfg = Release|x64
		{6B031731-D906-4951-B4E4-F2985563ECA1}.Release|x64.Build.0 = Release|x64
		{6B031731-D906-4951-B4E4-F2985563ECA1}.Release|x86.ActiveCfg = Release|Win32
		{6B031731-D906-4951-B4E4-F2985563ECA1}.Release|x86.Build.0 = Release|Win32
		{14ECAE52-F264-46A6-A0EB-FF726108D508}.Debug|x64.ActiveCfg = Debug|x64
		{14ECAE52-F264-46A6-A0EB-FF726108D508}.Debug|x64.Build.0 = Debug|x64
		{14ECAE52-F264-46A6-A0EB-FF726108D508}.Debug|x86.ActiveCfg = Debug|Win32
		{14ECAE52-F264-46A6-A0EB-FF726108D508}.Debug|x86.Build.0 = Debug|Win32
		{14ECAE52-F264-46A6-A0EB-FF726108D508}.Release|x64.ActiveCfg = Release|x64
		{14ECAE52-F264-46A6-A0EB-FF726108D508}.Release|x64.Build.0 = Release|x64
		{14ECAE52-F264-46A6-A0EB-FF726108D508}.Release|x86.ActiveCfg = Release|Win32
		{14ECAE52-F264-46A6-A0EB-FF726108D508}.Release|x86.Build.0 = Release|Win32
		{50449AEC-8E54-4104-8A24-60BFFF162058}.Debug|x64.ActiveCfg = Debug|x64
		{50449AEC-8E54-4104-8A24-60BFFF162058}.Debug|x64.Build.0 = Debug|x64
		{50449AEC-8E54-4104-8A24-60BFFF162058}.Debug|x86.ActiveCfg = Debug|Win32
		{50449AEC-8E54-4104-8A24-60BFFF162058}.Debug|x86.Build.0 = Debug|Win32
		{50449AEC-8E54-4104-8A24-60BFFF162058}.Release|x64.ActiveCfg = Release|x64
		{50449AEC-8E54-4104-8A24-60BFFF162058}.Release|x64.Build.0 = Release|x64
		{50449AEC-8E54-4104-8A24-60BFFF162058}.Release|x86.ActiveCfg = Release|Win32
		{50449AEC-8E54-4104-8A24-60BFFF162058}.Release|x86.Build.0 = Release|Win32
		{2F5AEE37-B7F1-43F2-8285-F81B3431EC1A}.Debug|x64.ActiveCfg = Debug|x64
		{2F5AEE37-B7F1-43F2-8285-F81B3431EC1A}.Debug|x64.Build.0 = Debug|x64
		{2F5AEE37-B7F1-43F2-8285-F81B3431EC1A}.Debug|x86.ActiveCfg = Debug|Win32
		{2F5AEE37-B7F1-43F2-8285-F81B3431EC1A}.Debug|x86.Build.0 = Debug|Win32
		{2F5AEE37-B7F1-43F2-8285-F81B3431EC1A}.Release|x64.ActiveCfg = Release|x64
		{2F5AEE37-B7F1-43F2-8285-F81B3431EC1A}.Release|x64.Build.0 = Release|x64
		{2F5AEE37-B7F1-43F2-8285-F81B3431EC1A}.Release|x86.ActiveCfg = Release|Win32
		{2F5AEE37-B7F1-43F2-8285-F81B3431EC1A}.Release|x86.Build.0 = Release|Win32
		{34511499-AE9B-4132-94A6-B4B9E038D629}.Debug|x64.ActiveCfg = Debug|x64
		{34511499-AE9B-4132-94A6-B4B9E038D629}.Debug|x64.Build.0 = Debug|x64
		{34511499-AE9B-4132-94A6-B4B9E038D629}.Debug|x86.ActiveCfg = Debug|Win32
		{34511499-AE9B-4132-94A6-B4B9E038D629}.Debug|x86.Build.0 = Debug|Win32
		{34511499-AE9B-4132-94A6-B4B9E038D629}.Release|x64.ActiveCfg = Release|x64
		{34511499-AE9B-4132-94A6-B4B9E038D629}.Release|x64.Build.0 = Release|x64
		{34511499-AE9B-4132-94A6-B4B9E038D629}.Release|x86.ActiveCfg = Release|Win32
		{34511499-AE9B-4132-94A6-B4B9E038D629}.Release|x86.Build.0 = Release|Win32
		{C36B97C8-F2F4-4A7F-A33B-BB45B0738F94}.Debug|x64.ActiveCfg = Debug|x64
		{C36B97C8-F2F4-4A7F-A33B-BB45B0738F94}.Debug|x64.Build.0 = Debug|x64
		{C36B97C8-F2F4-4A7F-A33B-BB45B0738F94}.Debug|x86.ActiveCfg = Debug|Win32
		{C36B97C8-F2F4-4A7F-A33B-BB45B0738F94}.Debug|x86.Build.0 = Debug|Win32
		{C36B97C8-F2F4-4A7F-A33B-BB45B0738F94}.Release|x64.ActiveCfg = Release|x64
		{C36B97C8-F2F4-4A7F-A33B-BB45B0738F94}.Release|x64.Build.0 = Release|x64
		{C36B97C8-F2F4-4A7F-A33B-BB45B0738F94}.Release|x86.ActiveCfg = Release|Win32
		{C36B97C8-F2F4-4A7F-A33B-BB45B0738F94}.Release|x86.Build.0 = Release|Win32
		{08B28AE9-3699-4BFA-B129-DC5072F466DE}.Debug|x64.ActiveCfg = Debug|x64
		{08B28AE9-3699-4BFA-B129-DC5072F466DE}.Debug|x64.Build.0 = Debug|x64
		{08B28AE9-3699-4BFA-B129-DC5072F466DE}.Debug|x86.ActiveCfg = Debug|Win32
		{08B28AE9-3699-4BFA-B129-DC5072F466DE}.Debug|x86.Build.0 = Debug|Win32
		{08B28AE9-3699-4BFA-B129-DC5072F466DE}.Release|x64.ActiveCfg = Release|x64
		{08B28AE9-3699-4BFA-B129-DC5072F466DE}.Release|x64.Build.0 = Release|x64
		{08B28AE9-3699-4BFA-B129-DC5072F466DE}.Release|x86.ActiveCfg = Release|Win32
		{08B28AE9-3699-4BFA-B129-DC5072F466DE}.Release|x86.Build.0 = Release|Win32
		{7CD3279D-3FEB-440C-B0FF-CD3A73D6FFEC}.Debug|x64.ActiveCfg = Debug|x64
		{7CD3279D-3FEB-440C-B0FF-CD3A73D6FFEC}.Debug|x64.Build.0 = Debug|x64
		{7CD3279D-3FEB-440C-B0FF-CD3A73D6FFEC}.Debug|x86.ActiveCfg = Debug|Win32
		{7CD3279D-3FEB-440C-B0FF-CD3A73D6FFEC}.Debug|x86.Build.0 = Debug|Win32
		{7CD3279D-3FEB-440C-B0FF-CD3A73D6FFEC}.Release|x64.ActiveCfg = Release|x64
		{7CD3279D-3FEB-440C-B0FF-CD3A73D6FFEC}.Release|x64.Build.0 = Release|x64
		{7CD3279D-3FEB-440C-B0FF-CD3A73D6FFEC}.Release|x86.ActiveCfg = Release|Win32
		{7CD3279D-3FEB-440C-B0FF-CD3A73D6FFEC}.Release|x86.Build.0 = Release|Win32
		{C47DC177-D6E3-4C29-9ECB-4E74D668ED83}.Debug|x64.ActiveCfg = Debug|x64
		{C47DC177-D6E3-4C29-9ECB-4E74D668ED83}.Debug|x64.Build.0 = Debug|x64
		{C47DC177-D6E3-4C29-9ECB-4E74D668ED83}.Debug|x86.ActiveCfg = Debug|Win32
		{C47DC177-D6E3-4C29-9ECB-4E74D668ED83}.Debug|x86.Build.0 = Debug|Win32
		{C47DC177-D6E3-4C29-9ECB-4E74D668ED83}.Release|x64.ActiveCfg = Release|x64
		{C47DC177-D6E3-4C29-9ECB-4E74D668ED83}.Release|x64.Build.0 = Release|x64
		{C47DC177-D6E3-4C29-9ECB-4E74D668ED83}.Release|x86.ActiveCfg = Release|Win32
		{C47DC177-D6E3-4C29-9ECB-4E74D668ED83}.Release|x86.Build.0 = Release|Win32
		{9F3B2373-7829-4AA7-A3F4-EED98B5CEDA5}.Debug|x64.ActiveCfg = Debug|x64
		{9F3B2373-7829-4AA7-A3F4-EED98B5CEDA5}.Debug|x64.Build.0 = Debug|x64
		{9F3B2373-7829-4AA7-A3F4-EED98B5CEDA5}.Debug|x86.ActiveCfg = Debug|Win32
		{9F3B2373-7829-4AA7-A3F4-EED98B5CEDA5}.Debug|x86.Build.0 = Debug|Win32
		{9F3B2373-7829-4AA7-A3F4-EED98B5CEDA5}.Release|x64.ActiveCfg = Release|x64
		{9F3B2373-7829-4AA7-A3F4-EED98B5CEDA5}.Release|x64.Build.0 = Release|x64
		{9F3B2373-7829-4AA7-A3F4-EED98B5CEDA5}.Release|x86.ActiveCfg = Release|Win32
		{9F3B2373-7829-4AA7-A3F4-EED98B5CEDA5}.Release|x86.Build.0 = Release|Win32
		{B8DEEB14-0E05-4DFA-80C1-D4D39305FDF4}.Debug|x64.ActiveCfg = Debug|x64
		{B8DEEB14-0E05-4DFA-80C1-D4D39305FDF4}.Debug|x64.Build.0 = Debug|x64
		{B8DEEB14-0E05-4DFA-80C1-D4D39305FDF4}.Debug|x86.ActiveCfg = Debug|Win32
		{B8DEEB14-0E05-4DFA-80C1-D4D39305FDF4}.Debug|x86.Build.0 = Debug|Win32
		{B8DEEB14-0E05-4DFA-80C1-D4D39305FDF4}.Release|x64.ActiveCfg = Release|x64
		{B8DEEB14-0E05-4DFA-80C1-D4D39305FDF4}.Release|x64.Build.0 = Release|x64
		{B8DEEB14-0E05-4DFA-80C1-D4D39305FDF4}.Release|x86.ActiveCfg = Release|Win32
		{B8DEEB14-0E05-4DFA-80C1-D4D39305FDF4}.Release|x86.Build.0 = Release|Win32
		{7FEAA3CC-4A59-4BBA-8A0C-DD37F1482BA0}.Debug|x64.ActiveCfg = Debug|x64
		{7FEAA3CC-4A59-4BBA-8A0C-DD37F1482BA0}.Debug|x64.Build.0 = Debug|x64
		{7FEAA3CC-4A59-4BBA-8A0C-DD37F1482BA0}.Debug|x86.ActiveCfg = Debug|Win32
		{7FEAA3CC-4A59-4BBA-8A0C-DD37F1482BA0}.Debug|x86.Build.0 = Debug|Win32
		{7FEAA3CC-4A59-4BBA-8A0C-DD37F1482BA0}.Release|x64.ActiveCfg = Release|x64
		{7FEAA3CC-4A59-4BBA-8A0C-DD37F1482BA0}.Release|x64.Build.0 = Release|x64
		{7FEAA3CC-4A59-4BBA-8A0C-DD37F1482BA0}.Release|x86.ActiveCfg = Release|Win32
		{7FEAA3CC-4A59-4BBA-8A0C-DD37F1482BA0}.Release|x86.Build.0 = Release|Win32
		{24894E4E-76A6-42F6-8D14-C2D2D5048C10}.Debug|x64.ActiveCfg = Debug|x64
		{24894E4E-76A6-42F6-8D14-C2D2D5048C10}.Debug|x64.Build.0 = Debug|x64
		{24894E4E-76A6-42F6-8D14-C2D2D5048C10}.Debug|x86.ActiveCfg = Debug|Win32
		{24894E4E-76A6-42F6-8D14-C2D2D5048C10}.Debug|x86.Build.0 = Debug|Win32
		{24894E4E-76A6-42F6-8D14-C2D2D5048C10}.Release|x64.ActiveCfg = Release|x64
		{24894E4E-76A6-42F6-8D14-C2D2D5048C10}.Release|x64.Build.0 = Release|x64
		{24894E4E-76A6-42F6-8D14-C2D2D5048C10}.Release|x86.ActiveCfg = Release|Win32
		{24894E4E-76A6-42F6-8D14-C2D2D5048C10}.Release|x86.Build.0 = Release|Win32
		{44C5A9E6-24CE-4CAB-BF57-04722612E0FB}.Debug|x64.ActiveCfg = Debug|x64
		{44C5A9E6-24CE-4CAB-BF57-04722612E0FB}.Debug|x64.Build.0 = Debug|x64
		{44C5A9E6-24CE-4CAB-BF57-04722612E0FB}.Debug|x86.ActiveCfg = Debug|Win32
		{44C5A9E6-24CE-4CAB-BF57-04722612E0FB}.Debug|x86.Build.0 = Debug|Win32
		{44C5A9E6-24CE-4CAB-BF57-04722612E0FB}.Release|x64.ActiveCfg = Release|x64
		{44C5A9E6-24CE-4CAB-BF57-04722612E0FB}.Release|x64.Build.0 = Release|x64
		{44C5A9E6-24CE-4CAB-BF57-04722612E0FB}.Release|x86.ActiveCfg = Release|Win32
		{44C5A9E6-24CE-4CAB-BF57-04722612E0FB}.Release|x86.Build.0 = Release|Win32
		{11435979-D684-49DD-9C11-EA624496F4CA}.Debug|x64.ActiveCfg = Debug|x64
		{11435979-D684-49DD-9C11-EA624496F4CA}.Debug|x64.Build.0 = Debug|x64
		{11435979-D684-49DD-9C11-EA624496F4CA}.Debug|x86.ActiveCfg = Debug|Win32
		{11435979-D684-49DD-9C11-EA624496F4CA}.Debug|x86.Build.0 = Debug|Win32
		{11435979-D684-49DD-9C11-EA624496F4CA}.Release|x64.ActiveCfg = Release|x64
		{11435979-D684-49DD-9C11-EA624496F4CA}.Release|x64.Build.0 = Release|x64
		{11435979-D684-49DD-9C11-EA624496F4CA}.Release|x86.ActiveCfg = Release|Win32
		{11435979-D684-49DD-9C11-EA624496F4CA}.Release|x86.Build.0 = Release|Win32
		{559A93C4-3F14-49FC-9A1A-3A14D8180210}.Debug|x64.ActiveCfg = Debug|x64
		{559A93C4-3F14-49FC-9A1A-3A14D8180210}.Debug|x64.Build.0 = Debug|x64
		{559A93C4-3F14-49FC-9A1A-3A14D8180210}.Debug|x86.ActiveCfg = Debug|Win32
		{559A93C4-3F14-49FC-9A1A-3A14D8180210}.Debug|x86.Build.0 = Debug|Win32
		{559A93C4-3F14-49FC-9A1A-3A14D8180210}.Release|x64.ActiveCfg = Release|x64
		{559A93C4-3F14-49FC-9A1A-3A14D8180210}.Release|x64.Build.0 = Release|x64
		{559A93C4-3F14-49FC-9A1A-3A14D8180210}.Release|x86.ActiveCfg = Release|Win32
		{559A93C4-3F14-49FC-9A1A-3A14D8180210}.Release|x86.Build.0 = Release|Win32
	EndGlobalSection
	GlobalSection(SolutionProperties) = preSolution
		HideSolutionNode = FALSE
	EndGlobalSection
	GlobalSection(ExtensibilityGlobals) = postSolution
		SolutionGuid = {9713AA8D-4692-40B0-81A3-513CE02401A2}
	EndGlobalSection
EndGlobal
